
Microsoft Visual Studio Solution File, Format Version 12.00
# Visual Studio 15
VisualStudioVersion = 15.0.28307.489
MinimumVisualStudioVersion = 10.0.40219.1
Project("{FAE04EC0-301F-11D3-BF4B-00C04F79EFBC}") = "DemoSites", "DemoSites\DemoSites.csproj", "{2FBB7B60-8B53-4551-8F43-D2E702D439D4}"
EndProject
Project("{FAE04EC0-301F-11D3-BF4B-00C04F79EFBC}") = "DemoSites2", "DemoSites2\DemoSites2.csproj", "{D94D8FE5-2135-4968-AF3B-A10985752B5D}"
EndProject
Project("{2150E333-8FDC-42A3-9474-1A3956D46DE8}") = "Solution Items", "Solution Items", "{5245D569-EE3D-407D-9959-7E381EED58FC}"
	ProjectSection(SolutionItems) = preProject
		..\readme.md = ..\readme.md
	EndProjectSection
EndProject
Global
	GlobalSection(SolutionConfigurationPlatforms) = preSolution
		Debug|Any CPU = Debug|Any CPU
		Release|Any CPU = Release|Any CPU
	EndGlobalSection
	GlobalSection(ProjectConfigurationPlatforms) = postSolution
		{2FBB7B60-8B53-4551-8F43-D2E702D439D4}.Debug|Any CPU.ActiveCfg = Debug|Any CPU
		{2FBB7B60-8B53-4551-8F43-D2E702D439D4}.Debug|Any CPU.Build.0 = Debug|Any CPU
		{2FBB7B60-8B53-4551-8F43-D2E702D439D4}.Release|Any CPU.ActiveCfg = Release|Any CPU
		{2FBB7B60-8B53-4551-8F43-D2E702D439D4}.Release|Any CPU.Build.0 = Release|Any CPU
		{D94D8FE5-2135-4968-AF3B-A10985752B5D}.Debug|Any CPU.ActiveCfg = Debug|Any CPU
		{D94D8FE5-2135-4968-AF3B-A10985752B5D}.Debug|Any CPU.Build.0 = Debug|Any CPU
		{D94D8FE5-2135-4968-AF3B-A10985752B5D}.Release|Any CPU.ActiveCfg = Release|Any CPU
		{D94D8FE5-2135-4968-AF3B-A10985752B5D}.Release|Any CPU.Build.0 = Release|Any CPU
	EndGlobalSection
	GlobalSection(SolutionProperties) = preSolution
		HideSolutionNode = FALSE
	EndGlobalSection
	GlobalSection(ExtensibilityGlobals) = postSolution
		SolutionGuid = {C15D5D5A-B1FB-4C85-954D-9F6A8F3D52F7}
	EndGlobalSection
EndGlobal
